
Microsoft Visual Studio Solution File, Format Version 12.00
# Visual Studio Version 16
VisualStudioVersion = 16.0.30204.135
MinimumVisualStudioVersion = 10.0.40219.1
Project("{FAE04EC0-301F-11D3-BF4B-00C04F79EFBC}") = "BirthdayApp", "BirthdayApp\BirthdayApp.csproj", "{9F6E21F1-5786-4F11-BD5C-1A72E2627B03}"
EndProject
Global
	GlobalSection(SolutionConfigurationPlatforms) = preSolution
		Debug|Any CPU = Debug|Any CPU
		Release|Any CPU = Release|Any CPU
	EndGlobalSection
	GlobalSection(ProjectConfigurationPlatforms) = postSolution
		{9F6E21F1-5786-4F11-BD5C-1A72E2627B03}.Debug|Any CPU.ActiveCfg = Debug|Any CPU
		{9F6E21F1-5786-4F11-BD5C-1A72E2627B03}.Debug|Any CPU.Build.0 = Debug|Any CPU
		{9F6E21F1-5786-4F11-BD5C-1A72E2627B03}.Release|Any CPU.ActiveCfg = Release|Any CPU
		{9F6E21F1-5786-4F11-BD5C-1A72E2627B03}.Release|Any CPU.Build.0 = Release|Any CPU
	EndGlobalSection
	GlobalSection(SolutionProperties) = preSolution
		HideSolutionNode = FALSE
	EndGlobalSection
	GlobalSection(ExtensibilityGlobals) = postSolution
		SolutionGuid = {B1B3DD88-81E3-4004-9D9D-1F037F77751B}
	EndGlobalSection
EndGlobal
